// !$*UTF8*$!
{
	archiveVersion = 1;
	classes = {
	};
	objectVersion = 56;
	objects = {

/* Begin PBXBuildFile section */
		F5084CA92C8D6E2F0033FC0A /* ReservationView.swift in Sources */ = {isa = PBXBuildFile; fileRef = F5084CA82C8D6E2F0033FC0A /* ReservationView.swift */; };
		F50AFC762C4BDEB3009BDF31 /* SFSafeSymbols in Frameworks */ = {isa = PBXBuildFile; productRef = F50AFC752C4BDEB3009BDF31 /* SFSafeSymbols */; };
		F50AFC782C4BEC3D009BDF31 /* SuccessView.swift in Sources */ = {isa = PBXBuildFile; fileRef = F50AFC772C4BEC3D009BDF31 /* SuccessView.swift */; };
		F55F58132C482AED002E65F0 /* UserInfoCard.swift in Sources */ = {isa = PBXBuildFile; fileRef = F55F58122C482AED002E65F0 /* UserInfoCard.swift */; };
		F5AAEB882C8A0998008F4A26 /* RideHistoryView.swift in Sources */ = {isa = PBXBuildFile; fileRef = F5AAEB872C8A0998008F4A26 /* RideHistoryView.swift */; };
		F5D8A6DA2C451C6D001E0280 /* marchkov_iosApp.swift in Sources */ = {isa = PBXBuildFile; fileRef = F5D8A6D92C451C6D001E0280 /* marchkov_iosApp.swift */; };
		F5D8A6E02C451C6E001E0280 /* Assets.xcassets in Resources */ = {isa = PBXBuildFile; fileRef = F5D8A6DF2C451C6E001E0280 /* Assets.xcassets */; };
		F5D8A6ED2C451C6F001E0280 /* marchkov_iosTests.swift in Sources */ = {isa = PBXBuildFile; fileRef = F5D8A6EC2C451C6F001E0280 /* marchkov_iosTests.swift */; };
		F5D8A6F72C451C6F001E0280 /* marchkov_iosUITests.swift in Sources */ = {isa = PBXBuildFile; fileRef = F5D8A6F62C451C6F001E0280 /* marchkov_iosUITests.swift */; };
		F5D8A6F92C451C6F001E0280 /* marchkov_iosUITestsLaunchTests.swift in Sources */ = {isa = PBXBuildFile; fileRef = F5D8A6F82C451C6F001E0280 /* marchkov_iosUITestsLaunchTests.swift */; };
		F5D8A7092C452F09001E0280 /* LoginView.swift in Sources */ = {isa = PBXBuildFile; fileRef = F5D8A7082C452F09001E0280 /* LoginView.swift */; };
		F5D8A70B2C454064001E0280 /* LoginService.swift in Sources */ = {isa = PBXBuildFile; fileRef = F5D8A70A2C454064001E0280 /* LoginService.swift */; };
		F5D8A7132C4566B5001E0280 /* UserDataManager.swift in Sources */ = {isa = PBXBuildFile; fileRef = F5D8A7122C4566B5001E0280 /* UserDataManager.swift */; };
		F5D8A7152C457D83001E0280 /* BusModels.swift in Sources */ = {isa = PBXBuildFile; fileRef = F5D8A7142C457D83001E0280 /* BusModels.swift */; };
		F5D8A7172C4585D4001E0280 /* LogManager.swift in Sources */ = {isa = PBXBuildFile; fileRef = F5D8A7162C4585D4001E0280 /* LogManager.swift */; };
		F5D8A71A2C463AD4001E0280 /* LogView.swift in Sources */ = {isa = PBXBuildFile; fileRef = F5D8A7192C463AD4001E0280 /* LogView.swift */; };
		F5D8A71C2C463C7C001E0280 /* QRCode.swift in Sources */ = {isa = PBXBuildFile; fileRef = F5D8A71B2C463C7C001E0280 /* QRCode.swift */; };
		F5D8A71E2C463CB7001E0280 /* SettingsView.swift in Sources */ = {isa = PBXBuildFile; fileRef = F5D8A71D2C463CB7001E0280 /* SettingsView.swift */; };
		F5D8A7232C463ED0001E0280 /* Error.swift in Sources */ = {isa = PBXBuildFile; fileRef = F5D8A7222C463ED0001E0280 /* Error.swift */; };
		F5D8A7262C463F20001E0280 /* MainTabView.swift in Sources */ = {isa = PBXBuildFile; fileRef = F5D8A7252C463F20001E0280 /* MainTabView.swift */; };
		F5D8A7282C46407C001E0280 /* InfoRow.swift in Sources */ = {isa = PBXBuildFile; fileRef = F5D8A7272C46407C001E0280 /* InfoRow.swift */; };
		F5D8A72A2C464178001E0280 /* LoginForm.swift in Sources */ = {isa = PBXBuildFile; fileRef = F5D8A7292C464178001E0280 /* LoginForm.swift */; };
		F5D8A72C2C468EEA001E0280 /* LogButton.swift in Sources */ = {isa = PBXBuildFile; fileRef = F5D8A72B2C468EEA001E0280 /* LogButton.swift */; };
		F5FD0D852C522E47006BF85E /* BrightnessManager.swift in Sources */ = {isa = PBXBuildFile; fileRef = F5FD0D842C522E47006BF85E /* BrightnessManager.swift */; };
/* End PBXBuildFile section */

/* Begin PBXContainerItemProxy section */
		F5D8A6E92C451C6E001E0280 /* PBXContainerItemProxy */ = {
			isa = PBXContainerItemProxy;
			containerPortal = F5D8A6CE2C451C6D001E0280 /* Project object */;
			proxyType = 1;
			remoteGlobalIDString = F5D8A6D52C451C6D001E0280;
			remoteInfo = "marchkov-ios";
		};
		F5D8A6F32C451C6F001E0280 /* PBXContainerItemProxy */ = {
			isa = PBXContainerItemProxy;
			containerPortal = F5D8A6CE2C451C6D001E0280 /* Project object */;
			proxyType = 1;
			remoteGlobalIDString = F5D8A6D52C451C6D001E0280;
			remoteInfo = "marchkov-ios";
		};
/* End PBXContainerItemProxy section */

/* Begin PBXFileReference section */
		F5084CA82C8D6E2F0033FC0A /* ReservationView.swift */ = {isa = PBXFileReference; lastKnownFileType = sourcecode.swift; path = ReservationView.swift; sourceTree = "<group>"; };
		F50AFC772C4BEC3D009BDF31 /* SuccessView.swift */ = {isa = PBXFileReference; lastKnownFileType = sourcecode.swift; path = SuccessView.swift; sourceTree = "<group>"; };
		F55F58122C482AED002E65F0 /* UserInfoCard.swift */ = {isa = PBXFileReference; lastKnownFileType = sourcecode.swift; path = UserInfoCard.swift; sourceTree = "<group>"; };
		F5AAEB872C8A0998008F4A26 /* RideHistoryView.swift */ = {isa = PBXFileReference; lastKnownFileType = sourcecode.swift; path = RideHistoryView.swift; sourceTree = "<group>"; };
		F5B86B012C606DB90095431A /* Info.plist */ = {isa = PBXFileReference; lastKnownFileType = text.plist; path = Info.plist; sourceTree = "<group>"; };
		F5D8A6D62C451C6D001E0280 /* marchkov-ios.app */ = {isa = PBXFileReference; explicitFileType = wrapper.application; includeInIndex = 0; path = "marchkov-ios.app"; sourceTree = BUILT_PRODUCTS_DIR; };
		F5D8A6D92C451C6D001E0280 /* marchkov_iosApp.swift */ = {isa = PBXFileReference; lastKnownFileType = sourcecode.swift; path = marchkov_iosApp.swift; sourceTree = "<group>"; };
		F5D8A6DF2C451C6E001E0280 /* Assets.xcassets */ = {isa = PBXFileReference; lastKnownFileType = folder.assetcatalog; path = Assets.xcassets; sourceTree = "<group>"; };
		F5D8A6E82C451C6E001E0280 /* marchkov-iosTests.xctest */ = {isa = PBXFileReference; explicitFileType = wrapper.cfbundle; includeInIndex = 0; path = "marchkov-iosTests.xctest"; sourceTree = BUILT_PRODUCTS_DIR; };
		F5D8A6EC2C451C6F001E0280 /* marchkov_iosTests.swift */ = {isa = PBXFileReference; lastKnownFileType = sourcecode.swift; path = marchkov_iosTests.swift; sourceTree = "<group>"; };
		F5D8A6F22C451C6F001E0280 /* marchkov-iosUITests.xctest */ = {isa = PBXFileReference; explicitFileType = wrapper.cfbundle; includeInIndex = 0; path = "marchkov-iosUITests.xctest"; sourceTree = BUILT_PRODUCTS_DIR; };
		F5D8A6F62C451C6F001E0280 /* marchkov_iosUITests.swift */ = {isa = PBXFileReference; lastKnownFileType = sourcecode.swift; path = marchkov_iosUITests.swift; sourceTree = "<group>"; };
		F5D8A6F82C451C6F001E0280 /* marchkov_iosUITestsLaunchTests.swift */ = {isa = PBXFileReference; lastKnownFileType = sourcecode.swift; path = marchkov_iosUITestsLaunchTests.swift; sourceTree = "<group>"; };
		F5D8A7082C452F09001E0280 /* LoginView.swift */ = {isa = PBXFileReference; lastKnownFileType = sourcecode.swift; path = LoginView.swift; sourceTree = "<group>"; };
		F5D8A70A2C454064001E0280 /* LoginService.swift */ = {isa = PBXFileReference; lastKnownFileType = sourcecode.swift; path = LoginService.swift; sourceTree = "<group>"; };
		F5D8A7122C4566B5001E0280 /* UserDataManager.swift */ = {isa = PBXFileReference; lastKnownFileType = sourcecode.swift; path = UserDataManager.swift; sourceTree = "<group>"; };
		F5D8A7142C457D83001E0280 /* BusModels.swift */ = {isa = PBXFileReference; lastKnownFileType = sourcecode.swift; path = BusModels.swift; sourceTree = "<group>"; };
		F5D8A7162C4585D4001E0280 /* LogManager.swift */ = {isa = PBXFileReference; lastKnownFileType = sourcecode.swift; path = LogManager.swift; sourceTree = "<group>"; };
		F5D8A7192C463AD4001E0280 /* LogView.swift */ = {isa = PBXFileReference; lastKnownFileType = sourcecode.swift; path = LogView.swift; sourceTree = "<group>"; };
		F5D8A71B2C463C7C001E0280 /* QRCode.swift */ = {isa = PBXFileReference; lastKnownFileType = sourcecode.swift; path = QRCode.swift; sourceTree = "<group>"; };
		F5D8A71D2C463CB7001E0280 /* SettingsView.swift */ = {isa = PBXFileReference; lastKnownFileType = sourcecode.swift; path = SettingsView.swift; sourceTree = "<group>"; };
		F5D8A7222C463ED0001E0280 /* Error.swift */ = {isa = PBXFileReference; lastKnownFileType = sourcecode.swift; path = Error.swift; sourceTree = "<group>"; };
		F5D8A7252C463F20001E0280 /* MainTabView.swift */ = {isa = PBXFileReference; lastKnownFileType = sourcecode.swift; path = MainTabView.swift; sourceTree = "<group>"; };
		F5D8A7272C46407C001E0280 /* InfoRow.swift */ = {isa = PBXFileReference; lastKnownFileType = sourcecode.swift; path = InfoRow.swift; sourceTree = "<group>"; };
		F5D8A7292C464178001E0280 /* LoginForm.swift */ = {isa = PBXFileReference; lastKnownFileType = sourcecode.swift; path = LoginForm.swift; sourceTree = "<group>"; };
		F5D8A72B2C468EEA001E0280 /* LogButton.swift */ = {isa = PBXFileReference; lastKnownFileType = sourcecode.swift; path = LogButton.swift; sourceTree = "<group>"; };
		F5FD0D842C522E47006BF85E /* BrightnessManager.swift */ = {isa = PBXFileReference; lastKnownFileType = sourcecode.swift; path = BrightnessManager.swift; sourceTree = "<group>"; };
/* End PBXFileReference section */

/* Begin PBXFrameworksBuildPhase section */
		F5D8A6D32C451C6D001E0280 /* Frameworks */ = {
			isa = PBXFrameworksBuildPhase;
			buildActionMask = 2147483647;
			files = (
				F50AFC762C4BDEB3009BDF31 /* SFSafeSymbols in Frameworks */,
			);
			runOnlyForDeploymentPostprocessing = 0;
		};
		F5D8A6E52C451C6E001E0280 /* Frameworks */ = {
			isa = PBXFrameworksBuildPhase;
			buildActionMask = 2147483647;
			files = (
			);
			runOnlyForDeploymentPostprocessing = 0;
		};
		F5D8A6EF2C451C6F001E0280 /* Frameworks */ = {
			isa = PBXFrameworksBuildPhase;
			buildActionMask = 2147483647;
			files = (
			);
			runOnlyForDeploymentPostprocessing = 0;
		};
/* End PBXFrameworksBuildPhase section */

/* Begin PBXGroup section */
		F50AFC742C4BDEB3009BDF31 /* Frameworks */ = {
			isa = PBXGroup;
			children = (
			);
			name = Frameworks;
			sourceTree = "<group>";
		};
		F5D8A6CD2C451C6D001E0280 = {
			isa = PBXGroup;
			children = (
				F5D8A6D82C451C6D001E0280 /* marchkov-ios */,
				F5D8A6EB2C451C6E001E0280 /* marchkov-iosTests */,
				F5D8A6F52C451C6F001E0280 /* marchkov-iosUITests */,
				F5D8A6D72C451C6D001E0280 /* Products */,
				F50AFC742C4BDEB3009BDF31 /* Frameworks */,
			);
			sourceTree = "<group>";
		};
		F5D8A6D72C451C6D001E0280 /* Products */ = {
			isa = PBXGroup;
			children = (
				F5D8A6D62C451C6D001E0280 /* marchkov-ios.app */,
				F5D8A6E82C451C6E001E0280 /* marchkov-iosTests.xctest */,
				F5D8A6F22C451C6F001E0280 /* marchkov-iosUITests.xctest */,
			);
			name = Products;
			sourceTree = "<group>";
		};
		F5D8A6D82C451C6D001E0280 /* marchkov-ios */ = {
			isa = PBXGroup;
			children = (
				F5B86B012C606DB90095431A /* Info.plist */,
				F5D8A7212C463E73001E0280 /* views */,
				F5D8A7202C463DA9001E0280 /* utils */,
				F5D8A71F2C463D4F001E0280 /* models */,
				F5D8A7182C463AB3001E0280 /* components */,
				F5D8A6D92C451C6D001E0280 /* marchkov_iosApp.swift */,
				F5D8A6DF2C451C6E001E0280 /* Assets.xcassets */,
			);
			path = "marchkov-ios";
			sourceTree = "<group>";
		};
		F5D8A6EB2C451C6E001E0280 /* marchkov-iosTests */ = {
			isa = PBXGroup;
			children = (
				F5D8A6EC2C451C6F001E0280 /* marchkov_iosTests.swift */,
			);
			path = "marchkov-iosTests";
			sourceTree = "<group>";
		};
		F5D8A6F52C451C6F001E0280 /* marchkov-iosUITests */ = {
			isa = PBXGroup;
			children = (
				F5D8A7072C452EE9001E0280 /* New Group */,
				F5D8A6F62C451C6F001E0280 /* marchkov_iosUITests.swift */,
				F5D8A6F82C451C6F001E0280 /* marchkov_iosUITestsLaunchTests.swift */,
			);
			path = "marchkov-iosUITests";
			sourceTree = "<group>";
		};
		F5D8A7072C452EE9001E0280 /* New Group */ = {
			isa = PBXGroup;
			children = (
			);
			path = "New Group";
			sourceTree = "<group>";
		};
		F5D8A7182C463AB3001E0280 /* components */ = {
			isa = PBXGroup;
			children = (
				F5D8A71B2C463C7C001E0280 /* QRCode.swift */,
				F5D8A7222C463ED0001E0280 /* Error.swift */,
				F5D8A7272C46407C001E0280 /* InfoRow.swift */,
				F5D8A7292C464178001E0280 /* LoginForm.swift */,
				F5D8A72B2C468EEA001E0280 /* LogButton.swift */,
				F55F58122C482AED002E65F0 /* UserInfoCard.swift */,
			);
			path = components;
			sourceTree = "<group>";
		};
		F5D8A71F2C463D4F001E0280 /* models */ = {
			isa = PBXGroup;
			children = (
				F5D8A7142C457D83001E0280 /* BusModels.swift */,
			);
			path = models;
			sourceTree = "<group>";
		};
		F5D8A7202C463DA9001E0280 /* utils */ = {
			isa = PBXGroup;
			children = (
				F5D8A70A2C454064001E0280 /* LoginService.swift */,
				F5D8A7122C4566B5001E0280 /* UserDataManager.swift */,
				F5D8A7162C4585D4001E0280 /* LogManager.swift */,
				F5FD0D842C522E47006BF85E /* BrightnessManager.swift */,
			);
			path = utils;
			sourceTree = "<group>";
		};
		F5D8A7212C463E73001E0280 /* views */ = {
			isa = PBXGroup;
			children = (
				F5D8A7082C452F09001E0280 /* LoginView.swift */,
				F5D8A71D2C463CB7001E0280 /* SettingsView.swift */,
				F5D8A7252C463F20001E0280 /* MainTabView.swift */,
				F5D8A7192C463AD4001E0280 /* LogView.swift */,
				F50AFC772C4BEC3D009BDF31 /* SuccessView.swift */,
				F5AAEB872C8A0998008F4A26 /* RideHistoryView.swift */,
				F5084CA82C8D6E2F0033FC0A /* ReservationView.swift */,
			);
			path = views;
			sourceTree = "<group>";
		};
/* End PBXGroup section */

/* Begin PBXNativeTarget section */
		F5D8A6D52C451C6D001E0280 /* marchkov-ios */ = {
			isa = PBXNativeTarget;
			buildConfigurationList = F5D8A6FC2C451C6F001E0280 /* Build configuration list for PBXNativeTarget "marchkov-ios" */;
			buildPhases = (
				F5D8A6D22C451C6D001E0280 /* Sources */,
				F5D8A6D32C451C6D001E0280 /* Frameworks */,
				F5D8A6D42C451C6D001E0280 /* Resources */,
			);
			buildRules = (
			);
			dependencies = (
			);
			name = "marchkov-ios";
			packageProductDependencies = (
				F50AFC752C4BDEB3009BDF31 /* SFSafeSymbols */,
			);
			productName = "marchkov-ios";
			productReference = F5D8A6D62C451C6D001E0280 /* marchkov-ios.app */;
			productType = "com.apple.product-type.application";
		};
		F5D8A6E72C451C6E001E0280 /* marchkov-iosTests */ = {
			isa = PBXNativeTarget;
			buildConfigurationList = F5D8A6FF2C451C6F001E0280 /* Build configuration list for PBXNativeTarget "marchkov-iosTests" */;
			buildPhases = (
				F5D8A6E42C451C6E001E0280 /* Sources */,
				F5D8A6E52C451C6E001E0280 /* Frameworks */,
				F5D8A6E62C451C6E001E0280 /* Resources */,
			);
			buildRules = (
			);
			dependencies = (
				F5D8A6EA2C451C6E001E0280 /* PBXTargetDependency */,
			);
			name = "marchkov-iosTests";
			productName = "marchkov-iosTests";
			productReference = F5D8A6E82C451C6E001E0280 /* marchkov-iosTests.xctest */;
			productType = "com.apple.product-type.bundle.unit-test";
		};
		F5D8A6F12C451C6F001E0280 /* marchkov-iosUITests */ = {
			isa = PBXNativeTarget;
			buildConfigurationList = F5D8A7022C451C6F001E0280 /* Build configuration list for PBXNativeTarget "marchkov-iosUITests" */;
			buildPhases = (
				F5D8A6EE2C451C6F001E0280 /* Sources */,
				F5D8A6EF2C451C6F001E0280 /* Frameworks */,
				F5D8A6F02C451C6F001E0280 /* Resources */,
			);
			buildRules = (
			);
			dependencies = (
				F5D8A6F42C451C6F001E0280 /* PBXTargetDependency */,
			);
			name = "marchkov-iosUITests";
			productName = "marchkov-iosUITests";
			productReference = F5D8A6F22C451C6F001E0280 /* marchkov-iosUITests.xctest */;
			productType = "com.apple.product-type.bundle.ui-testing";
		};
/* End PBXNativeTarget section */

/* Begin PBXProject section */
		F5D8A6CE2C451C6D001E0280 /* Project object */ = {
			isa = PBXProject;
			attributes = {
				BuildIndependentTargetsInParallel = 1;
				LastSwiftUpdateCheck = 1540;
				LastUpgradeCheck = 1540;
				TargetAttributes = {
					F5D8A6D52C451C6D001E0280 = {
						CreatedOnToolsVersion = 15.4;
					};
					F5D8A6E72C451C6E001E0280 = {
						CreatedOnToolsVersion = 15.4;
						TestTargetID = F5D8A6D52C451C6D001E0280;
					};
					F5D8A6F12C451C6F001E0280 = {
						CreatedOnToolsVersion = 15.4;
						TestTargetID = F5D8A6D52C451C6D001E0280;
					};
				};
			};
			buildConfigurationList = F5D8A6D12C451C6D001E0280 /* Build configuration list for PBXProject "marchkov-ios" */;
			compatibilityVersion = "Xcode 14.0";
			developmentRegion = en;
			hasScannedForEncodings = 0;
			knownRegions = (
				en,
				Base,
			);
			mainGroup = F5D8A6CD2C451C6D001E0280;
			packageReferences = (
				F50AFC732C4BDEAC009BDF31 /* XCRemoteSwiftPackageReference "SFSafeSymbols" */,
			);
			productRefGroup = F5D8A6D72C451C6D001E0280 /* Products */;
			projectDirPath = "";
			projectRoot = "";
			targets = (
				F5D8A6D52C451C6D001E0280 /* marchkov-ios */,
				F5D8A6E72C451C6E001E0280 /* marchkov-iosTests */,
				F5D8A6F12C451C6F001E0280 /* marchkov-iosUITests */,
			);
		};
/* End PBXProject section */

/* Begin PBXResourcesBuildPhase section */
		F5D8A6D42C451C6D001E0280 /* Resources */ = {
			isa = PBXResourcesBuildPhase;
			buildActionMask = 2147483647;
			files = (
				F5D8A6E02C451C6E001E0280 /* Assets.xcassets in Resources */,
			);
			runOnlyForDeploymentPostprocessing = 0;
		};
		F5D8A6E62C451C6E001E0280 /* Resources */ = {
			isa = PBXResourcesBuildPhase;
			buildActionMask = 2147483647;
			files = (
			);
			runOnlyForDeploymentPostprocessing = 0;
		};
		F5D8A6F02C451C6F001E0280 /* Resources */ = {
			isa = PBXResourcesBuildPhase;
			buildActionMask = 2147483647;
			files = (
			);
			runOnlyForDeploymentPostprocessing = 0;
		};
/* End PBXResourcesBuildPhase section */

/* Begin PBXSourcesBuildPhase section */
		F5D8A6D22C451C6D001E0280 /* Sources */ = {
			isa = PBXSourcesBuildPhase;
			buildActionMask = 2147483647;
			files = (
				F50AFC782C4BEC3D009BDF31 /* SuccessView.swift in Sources */,
				F55F58132C482AED002E65F0 /* UserInfoCard.swift in Sources */,
				F5084CA92C8D6E2F0033FC0A /* ReservationView.swift in Sources */,
				F5FD0D852C522E47006BF85E /* BrightnessManager.swift in Sources */,
				F5D8A7282C46407C001E0280 /* InfoRow.swift in Sources */,
				F5D8A71C2C463C7C001E0280 /* QRCode.swift in Sources */,
				F5D8A72C2C468EEA001E0280 /* LogButton.swift in Sources */,
				F5D8A7152C457D83001E0280 /* BusModels.swift in Sources */,
				F5D8A7232C463ED0001E0280 /* Error.swift in Sources */,
				F5D8A7132C4566B5001E0280 /* UserDataManager.swift in Sources */,
				F5D8A7172C4585D4001E0280 /* LogManager.swift in Sources */,
				F5D8A71E2C463CB7001E0280 /* SettingsView.swift in Sources */,
				F5D8A70B2C454064001E0280 /* LoginService.swift in Sources */,
				F5D8A71A2C463AD4001E0280 /* LogView.swift in Sources */,
				F5D8A7092C452F09001E0280 /* LoginView.swift in Sources */,
				F5D8A72A2C464178001E0280 /* LoginForm.swift in Sources */,
				F5AAEB882C8A0998008F4A26 /* RideHistoryView.swift in Sources */,
				F5D8A6DA2C451C6D001E0280 /* marchkov_iosApp.swift in Sources */,
				F5D8A7262C463F20001E0280 /* MainTabView.swift in Sources */,
			);
			runOnlyForDeploymentPostprocessing = 0;
		};
		F5D8A6E42C451C6E001E0280 /* Sources */ = {
			isa = PBXSourcesBuildPhase;
			buildActionMask = 2147483647;
			files = (
				F5D8A6ED2C451C6F001E0280 /* marchkov_iosTests.swift in Sources */,
			);
			runOnlyForDeploymentPostprocessing = 0;
		};
		F5D8A6EE2C451C6F001E0280 /* Sources */ = {
			isa = PBXSourcesBuildPhase;
			buildActionMask = 2147483647;
			files = (
				F5D8A6F72C451C6F001E0280 /* marchkov_iosUITests.swift in Sources */,
				F5D8A6F92C451C6F001E0280 /* marchkov_iosUITestsLaunchTests.swift in Sources */,
			);
			runOnlyForDeploymentPostprocessing = 0;
		};
/* End PBXSourcesBuildPhase section */

/* Begin PBXTargetDependency section */
		F5D8A6EA2C451C6E001E0280 /* PBXTargetDependency */ = {
			isa = PBXTargetDependency;
			target = F5D8A6D52C451C6D001E0280 /* marchkov-ios */;
			targetProxy = F5D8A6E92C451C6E001E0280 /* PBXContainerItemProxy */;
		};
		F5D8A6F42C451C6F001E0280 /* PBXTargetDependency */ = {
			isa = PBXTargetDependency;
			target = F5D8A6D52C451C6D001E0280 /* marchkov-ios */;
			targetProxy = F5D8A6F32C451C6F001E0280 /* PBXContainerItemProxy */;
		};
/* End PBXTargetDependency section */

/* Begin XCBuildConfiguration section */
		F5D8A6FA2C451C6F001E0280 /* Debug */ = {
			isa = XCBuildConfiguration;
			buildSettings = {
				ALWAYS_SEARCH_USER_PATHS = NO;
				ASSETCATALOG_COMPILER_GENERATE_SWIFT_ASSET_SYMBOL_EXTENSIONS = YES;
				CLANG_ANALYZER_NONNULL = YES;
				CLANG_ANALYZER_NUMBER_OBJECT_CONVERSION = YES_AGGRESSIVE;
				CLANG_CXX_LANGUAGE_STANDARD = "gnu++20";
				CLANG_ENABLE_MODULES = YES;
				CLANG_ENABLE_OBJC_ARC = YES;
				CLANG_ENABLE_OBJC_WEAK = YES;
				CLANG_WARN_BLOCK_CAPTURE_AUTORELEASING = YES;
				CLANG_WARN_BOOL_CONVERSION = YES;
				CLANG_WARN_COMMA = YES;
				CLANG_WARN_CONSTANT_CONVERSION = YES;
				CLANG_WARN_DEPRECATED_OBJC_IMPLEMENTATIONS = YES;
				CLANG_WARN_DIRECT_OBJC_ISA_USAGE = YES_ERROR;
				CLANG_WARN_DOCUMENTATION_COMMENTS = YES;
				CLANG_WARN_EMPTY_BODY = YES;
				CLANG_WARN_ENUM_CONVERSION = YES;
				CLANG_WARN_INFINITE_RECURSION = YES;
				CLANG_WARN_INT_CONVERSION = YES;
				CLANG_WARN_NON_LITERAL_NULL_CONVERSION = YES;
				CLANG_WARN_OBJC_IMPLICIT_RETAIN_SELF = YES;
				CLANG_WARN_OBJC_LITERAL_CONVERSION = YES;
				CLANG_WARN_OBJC_ROOT_CLASS = YES_ERROR;
				CLANG_WARN_QUOTED_INCLUDE_IN_FRAMEWORK_HEADER = YES;
				CLANG_WARN_RANGE_LOOP_ANALYSIS = YES;
				CLANG_WARN_STRICT_PROTOTYPES = YES;
				CLANG_WARN_SUSPICIOUS_MOVE = YES;
				CLANG_WARN_UNGUARDED_AVAILABILITY = YES_AGGRESSIVE;
				CLANG_WARN_UNREACHABLE_CODE = YES;
				CLANG_WARN__DUPLICATE_METHOD_MATCH = YES;
				COPY_PHASE_STRIP = NO;
				DEBUG_INFORMATION_FORMAT = dwarf;
				ENABLE_STRICT_OBJC_MSGSEND = YES;
				ENABLE_TESTABILITY = YES;
				ENABLE_USER_SCRIPT_SANDBOXING = YES;
				GCC_C_LANGUAGE_STANDARD = gnu17;
				GCC_DYNAMIC_NO_PIC = NO;
				GCC_NO_COMMON_BLOCKS = YES;
				GCC_OPTIMIZATION_LEVEL = 0;
				GCC_PREPROCESSOR_DEFINITIONS = (
					"DEBUG=1",
					"$(inherited)",
				);
				GCC_WARN_64_TO_32_BIT_CONVERSION = YES;
				GCC_WARN_ABOUT_RETURN_TYPE = YES_ERROR;
				GCC_WARN_UNDECLARED_SELECTOR = YES;
				GCC_WARN_UNINITIALIZED_AUTOS = YES_AGGRESSIVE;
				GCC_WARN_UNUSED_FUNCTION = YES;
				GCC_WARN_UNUSED_VARIABLE = YES;
				IPHONEOS_DEPLOYMENT_TARGET = 17.5;
				LOCALIZATION_PREFERS_STRING_CATALOGS = YES;
				MTL_ENABLE_DEBUG_INFO = INCLUDE_SOURCE;
				MTL_FAST_MATH = YES;
				ONLY_ACTIVE_ARCH = YES;
				SDKROOT = iphoneos;
				SWIFT_ACTIVE_COMPILATION_CONDITIONS = "DEBUG $(inherited)";
				SWIFT_OPTIMIZATION_LEVEL = "-Onone";
			};
			name = Debug;
		};
		F5D8A6FB2C451C6F001E0280 /* Release */ = {
			isa = XCBuildConfiguration;
			buildSettings = {
				ALWAYS_SEARCH_USER_PATHS = NO;
				ASSETCATALOG_COMPILER_GENERATE_SWIFT_ASSET_SYMBOL_EXTENSIONS = YES;
				CLANG_ANALYZER_NONNULL = YES;
				CLANG_ANALYZER_NUMBER_OBJECT_CONVERSION = YES_AGGRESSIVE;
				CLANG_CXX_LANGUAGE_STANDARD = "gnu++20";
				CLANG_ENABLE_MODULES = YES;
				CLANG_ENABLE_OBJC_ARC = YES;
				CLANG_ENABLE_OBJC_WEAK = YES;
				CLANG_WARN_BLOCK_CAPTURE_AUTORELEASING = YES;
				CLANG_WARN_BOOL_CONVERSION = YES;
				CLANG_WARN_COMMA = YES;
				CLANG_WARN_CONSTANT_CONVERSION = YES;
				CLANG_WARN_DEPRECATED_OBJC_IMPLEMENTATIONS = YES;
				CLANG_WARN_DIRECT_OBJC_ISA_USAGE = YES_ERROR;
				CLANG_WARN_DOCUMENTATION_COMMENTS = YES;
				CLANG_WARN_EMPTY_BODY = YES;
				CLANG_WARN_ENUM_CONVERSION = YES;
				CLANG_WARN_INFINITE_RECURSION = YES;
				CLANG_WARN_INT_CONVERSION = YES;
				CLANG_WARN_NON_LITERAL_NULL_CONVERSION = YES;
				CLANG_WARN_OBJC_IMPLICIT_RETAIN_SELF = YES;
				CLANG_WARN_OBJC_LITERAL_CONVERSION = YES;
				CLANG_WARN_OBJC_ROOT_CLASS = YES_ERROR;
				CLANG_WARN_QUOTED_INCLUDE_IN_FRAMEWORK_HEADER = YES;
				CLANG_WARN_RANGE_LOOP_ANALYSIS = YES;
				CLANG_WARN_STRICT_PROTOTYPES = YES;
				CLANG_WARN_SUSPICIOUS_MOVE = YES;
				CLANG_WARN_UNGUARDED_AVAILABILITY = YES_AGGRESSIVE;
				CLANG_WARN_UNREACHABLE_CODE = YES;
				CLANG_WARN__DUPLICATE_METHOD_MATCH = YES;
				COPY_PHASE_STRIP = NO;
				DEBUG_INFORMATION_FORMAT = "dwarf-with-dsym";
				ENABLE_NS_ASSERTIONS = NO;
				ENABLE_STRICT_OBJC_MSGSEND = YES;
				ENABLE_USER_SCRIPT_SANDBOXING = YES;
				GCC_C_LANGUAGE_STANDARD = gnu17;
				GCC_NO_COMMON_BLOCKS = YES;
				GCC_WARN_64_TO_32_BIT_CONVERSION = YES;
				GCC_WARN_ABOUT_RETURN_TYPE = YES_ERROR;
				GCC_WARN_UNDECLARED_SELECTOR = YES;
				GCC_WARN_UNINITIALIZED_AUTOS = YES_AGGRESSIVE;
				GCC_WARN_UNUSED_FUNCTION = YES;
				GCC_WARN_UNUSED_VARIABLE = YES;
				IPHONEOS_DEPLOYMENT_TARGET = 17.5;
				LOCALIZATION_PREFERS_STRING_CATALOGS = YES;
				MTL_ENABLE_DEBUG_INFO = NO;
				MTL_FAST_MATH = YES;
				SDKROOT = iphoneos;
				SWIFT_COMPILATION_MODE = wholemodule;
				VALIDATE_PRODUCT = YES;
			};
			name = Release;
		};
		F5D8A6FD2C451C6F001E0280 /* Debug */ = {
			isa = XCBuildConfiguration;
			buildSettings = {
				ASSETCATALOG_COMPILER_APPICON_NAME = AppIcon;
				ASSETCATALOG_COMPILER_GLOBAL_ACCENT_COLOR_NAME = AccentColor;
				CODE_SIGN_STYLE = Automatic;
				CURRENT_PROJECT_VERSION = 2;
				DEVELOPMENT_ASSET_PATHS = "\"marchkov-ios/Preview Content\"";
				DEVELOPMENT_TEAM = 3B84D2645W;
				ENABLE_PREVIEWS = YES;
				GENERATE_INFOPLIST_FILE = YES;
				INFOPLIST_FILE = "marchkov-ios/Info.plist";
				INFOPLIST_KEY_CFBundleDisplayName = "马池口班车预约";
				INFOPLIST_KEY_LSApplicationCategoryType = "public.app-category.lifestyle";
				INFOPLIST_KEY_UIApplicationSceneManifest_Generation = YES;
				INFOPLIST_KEY_UIApplicationSupportsIndirectInputEvents = YES;
				INFOPLIST_KEY_UILaunchScreen_Generation = YES;
				INFOPLIST_KEY_UISupportedInterfaceOrientations = UIInterfaceOrientationPortrait;
				INFOPLIST_KEY_UISupportedInterfaceOrientations_iPad = "UIInterfaceOrientationLandscapeLeft UIInterfaceOrientationLandscapeRight UIInterfaceOrientationPortrait UIInterfaceOrientationPortraitUpsideDown";
				IPHONEOS_DEPLOYMENT_TARGET = 17.0;
				LD_RUNPATH_SEARCH_PATHS = (
					"$(inherited)",
					"@executable_path/Frameworks",
				);
				MARKETING_VERSION = 1.2.0;
				PRODUCT_BUNDLE_IDENTIFIER = "variantconst.marchkov-ios";
				PRODUCT_NAME = "$(TARGET_NAME)";
				SWIFT_EMIT_LOC_STRINGS = YES;
				SWIFT_VERSION = 5.0;
				TARGETED_DEVICE_FAMILY = "1,2";
			};
			name = Debug;
		};
		F5D8A6FE2C451C6F001E0280 /* Release */ = {
			isa = XCBuildConfiguration;
			buildSettings = {
				ASSETCATALOG_COMPILER_APPICON_NAME = AppIcon;
				ASSETCATALOG_COMPILER_GLOBAL_ACCENT_COLOR_NAME = AccentColor;
				CODE_SIGN_STYLE = Automatic;
				CURRENT_PROJECT_VERSION = 2;
				DEVELOPMENT_ASSET_PATHS = "\"marchkov-ios/Preview Content\"";
				DEVELOPMENT_TEAM = 3B84D2645W;
				ENABLE_PREVIEWS = YES;
				GENERATE_INFOPLIST_FILE = YES;
				INFOPLIST_FILE = "marchkov-ios/Info.plist";
				INFOPLIST_KEY_CFBundleDisplayName = "马池口班车预约";
				INFOPLIST_KEY_LSApplicationCategoryType = "public.app-category.lifestyle";
				INFOPLIST_KEY_UIApplicationSceneManifest_Generation = YES;
				INFOPLIST_KEY_UIApplicationSupportsIndirectInputEvents = YES;
				INFOPLIST_KEY_UILaunchScreen_Generation = YES;
				INFOPLIST_KEY_UISupportedInterfaceOrientations = UIInterfaceOrientationPortrait;
				INFOPLIST_KEY_UISupportedInterfaceOrientations_iPad = "UIInterfaceOrientationLandscapeLeft UIInterfaceOrientationLandscapeRight UIInterfaceOrientationPortrait UIInterfaceOrientationPortraitUpsideDown";
				IPHONEOS_DEPLOYMENT_TARGET = 17.0;
				LD_RUNPATH_SEARCH_PATHS = (
					"$(inherited)",
					"@executable_path/Frameworks",
				);
				MARKETING_VERSION = 1.2.0;
				PRODUCT_BUNDLE_IDENTIFIER = "variantconst.marchkov-ios";
				PRODUCT_NAME = "$(TARGET_NAME)";
				SWIFT_EMIT_LOC_STRINGS = YES;
				SWIFT_VERSION = 5.0;
				TARGETED_DEVICE_FAMILY = "1,2";
			};
			name = Release;
		};
		F5D8A7002C451C6F001E0280 /* Debug */ = {
			isa = XCBuildConfiguration;
			buildSettings = {
				ALWAYS_EMBED_SWIFT_STANDARD_LIBRARIES = YES;
				BUNDLE_LOADER = "$(TEST_HOST)";
				CODE_SIGN_STYLE = Automatic;
				CURRENT_PROJECT_VERSION = 1;
				DEVELOPMENT_TEAM = 3B84D2645W;
				GENERATE_INFOPLIST_FILE = YES;
				IPHONEOS_DEPLOYMENT_TARGET = 17.5;
				MARKETING_VERSION = 1.0;
				PRODUCT_BUNDLE_IDENTIFIER = "variantconst.marchkov-iosTests";
				PRODUCT_NAME = "$(TARGET_NAME)";
				SWIFT_EMIT_LOC_STRINGS = NO;
				SWIFT_VERSION = 5.0;
				TARGETED_DEVICE_FAMILY = "1,2";
				TEST_HOST = "$(BUILT_PRODUCTS_DIR)/marchkov-ios.app/$(BUNDLE_EXECUTABLE_FOLDER_PATH)/marchkov-ios";
			};
			name = Debug;
		};
		F5D8A7012C451C6F001E0280 /* Release */ = {
			isa = XCBuildConfiguration;
			buildSettings = {
				ALWAYS_EMBED_SWIFT_STANDARD_LIBRARIES = YES;
				BUNDLE_LOADER = "$(TEST_HOST)";
				CODE_SIGN_STYLE = Automatic;
				CURRENT_PROJECT_VERSION = 1;
				DEVELOPMENT_TEAM = 3B84D2645W;
				GENERATE_INFOPLIST_FILE = YES;
				IPHONEOS_DEPLOYMENT_TARGET = 17.5;
				MARKETING_VERSION = 1.0;
				PRODUCT_BUNDLE_IDENTIFIER = "variantconst.marchkov-iosTests";
				PRODUCT_NAME = "$(TARGET_NAME)";
				SWIFT_EMIT_LOC_STRINGS = NO;
				SWIFT_VERSION = 5.0;
				TARGETED_DEVICE_FAMILY = "1,2";
				TEST_HOST = "$(BUILT_PRODUCTS_DIR)/marchkov-ios.app/$(BUNDLE_EXECUTABLE_FOLDER_PATH)/marchkov-ios";
			};
			name = Release;
		};
		F5D8A7032C451C6F001E0280 /* Debug */ = {
			isa = XCBuildConfiguration;
			buildSettings = {
				ALWAYS_EMBED_SWIFT_STANDARD_LIBRARIES = YES;
				CODE_SIGN_STYLE = Automatic;
				CURRENT_PROJECT_VERSION = 1;
				DEVELOPMENT_TEAM = 3B84D2645W;
				GENERATE_INFOPLIST_FILE = YES;
				MARKETING_VERSION = 1.0;
				PRODUCT_BUNDLE_IDENTIFIER = "variantconst.marchkov-iosUITests";
				PRODUCT_NAME = "$(TARGET_NAME)";
				SWIFT_EMIT_LOC_STRINGS = NO;
				SWIFT_VERSION = 5.0;
				TARGETED_DEVICE_FAMILY = "1,2";
				TEST_TARGET_NAME = "marchkov-ios";
			};
			name = Debug;
		};
		F5D8A7042C451C6F001E0280 /* Release */ = {
			isa = XCBuildConfiguration;
			buildSettings = {
				ALWAYS_EMBED_SWIFT_STANDARD_LIBRARIES = YES;
				CODE_SIGN_STYLE = Automatic;
				CURRENT_PROJECT_VERSION = 1;
				DEVELOPMENT_TEAM = 3B84D2645W;
				GENERATE_INFOPLIST_FILE = YES;
				MARKETING_VERSION = 1.0;
				PRODUCT_BUNDLE_IDENTIFIER = "variantconst.marchkov-iosUITests";
				PRODUCT_NAME = "$(TARGET_NAME)";
				SWIFT_EMIT_LOC_STRINGS = NO;
				SWIFT_VERSION = 5.0;
				TARGETED_DEVICE_FAMILY = "1,2";
				TEST_TARGET_NAME = "marchkov-ios";
			};
			name = Release;
		};
/* End XCBuildConfiguration section */

/* Begin XCConfigurationList section */
		F5D8A6D12C451C6D001E0280 /* Build configuration list for PBXProject "marchkov-ios" */ = {
			isa = XCConfigurationList;
			buildConfigurations = (
				F5D8A6FA2C451C6F001E0280 /* Debug */,
				F5D8A6FB2C451C6F001E0280 /* Release */,
			);
			defaultConfigurationIsVisible = 0;
			defaultConfigurationName = Release;
		};
		F5D8A6FC2C451C6F001E0280 /* Build configuration list for PBXNativeTarget "marchkov-ios" */ = {
			isa = XCConfigurationList;
			buildConfigurations = (
				F5D8A6FD2C451C6F001E0280 /* Debug */,
				F5D8A6FE2C451C6F001E0280 /* Release */,
			);
			defaultConfigurationIsVisible = 0;
			defaultConfigurationName = Release;
		};
		F5D8A6FF2C451C6F001E0280 /* Build configuration list for PBXNativeTarget "marchkov-iosTests" */ = {
			isa = XCConfigurationList;
			buildConfigurations = (
				F5D8A7002C451C6F001E0280 /* Debug */,
				F5D8A7012C451C6F001E0280 /* Release */,
			);
			defaultConfigurationIsVisible = 0;
			defaultConfigurationName = Release;
		};
		F5D8A7022C451C6F001E0280 /* Build configuration list for PBXNativeTarget "marchkov-iosUITests" */ = {
			isa = XCConfigurationList;
			buildConfigurations = (
				F5D8A7032C451C6F001E0280 /* Debug */,
				F5D8A7042C451C6F001E0280 /* Release */,
			);
			defaultConfigurationIsVisible = 0;
			defaultConfigurationName = Release;
		};
/* End XCConfigurationList section */

/* Begin XCRemoteSwiftPackageReference section */
		F50AFC732C4BDEAC009BDF31 /* XCRemoteSwiftPackageReference "SFSafeSymbols" */ = {
			isa = XCRemoteSwiftPackageReference;
			repositoryURL = "https://github.com/SFSafeSymbols/SFSafeSymbols.git";
			requirement = {
				kind = upToNextMajorVersion;
				minimumVersion = 5.3.0;
			};
		};
/* End XCRemoteSwiftPackageReference section */

/* Begin XCSwiftPackageProductDependency section */
		F50AFC752C4BDEB3009BDF31 /* SFSafeSymbols */ = {
			isa = XCSwiftPackageProductDependency;
			package = F50AFC732C4BDEAC009BDF31 /* XCRemoteSwiftPackageReference "SFSafeSymbols" */;
			productName = SFSafeSymbols;
		};
/* End XCSwiftPackageProductDependency section */
	};
	rootObject = F5D8A6CE2C451C6D001E0280 /* Project object */;
}
